
Microsoft Visual Studio Solution File, Format Version 12.00
# Visual Studio Version 17
VisualStudioVersion = 17.6.33815.320
MinimumVisualStudioVersion = 10.0.40219.1
Project("{9A19103F-16F7-4668-BE54-9A1E7A4F7556}") = "Lab_0", "Lab_0\Lab_0.csproj", "{FA0A0B2C-D689-4B26-B135-A8FF5BF930F5}"
EndProject
Project("{9A19103F-16F7-4668-BE54-9A1E7A4F7556}") = "Lab_1", "Lab_1\Lab_1.csproj", "{763EEA4A-3D42-412F-BC7D-E6B0652BB328}"
EndProject
Project("{FAE04EC0-301F-11D3-BF4B-00C04F79EFBC}") = "Lab_3_polymorphism", "Lab_3_polymorphism\Lab_3_polymorphism.csproj", "{50F82824-2BAF-4106-B141-6EBCC8682367}"
EndProject
Global
	GlobalSection(SolutionConfigurationPlatforms) = preSolution
		Debug|Any CPU = Debug|Any CPU
		Release|Any CPU = Release|Any CPU
	EndGlobalSection
	GlobalSection(ProjectConfigurationPlatforms) = postSolution
		{FA0A0B2C-D689-4B26-B135-A8FF5BF930F5}.Debug|Any CPU.ActiveCfg = Debug|Any CPU
		{FA0A0B2C-D689-4B26-B135-A8FF5BF930F5}.Debug|Any CPU.Build.0 = Debug|Any CPU
		{FA0A0B2C-D689-4B26-B135-A8FF5BF930F5}.Release|Any CPU.ActiveCfg = Release|Any CPU
		{FA0A0B2C-D689-4B26-B135-A8FF5BF930F5}.Release|Any CPU.Build.0 = Release|Any CPU
		{763EEA4A-3D42-412F-BC7D-E6B0652BB328}.Debug|Any CPU.ActiveCfg = Debug|Any CPU
		{763EEA4A-3D42-412F-BC7D-E6B0652BB328}.Debug|Any CPU.Build.0 = Debug|Any CPU
		{763EEA4A-3D42-412F-BC7D-E6B0652BB328}.Release|Any CPU.ActiveCfg = Release|Any CPU
		{763EEA4A-3D42-412F-BC7D-E6B0652BB328}.Release|Any CPU.Build.0 = Release|Any CPU
		{50F82824-2BAF-4106-B141-6EBCC8682367}.Debug|Any CPU.ActiveCfg = Debug|Any CPU
		{50F82824-2BAF-4106-B141-6EBCC8682367}.Debug|Any CPU.Build.0 = Debug|Any CPU
		{50F82824-2BAF-4106-B141-6EBCC8682367}.Release|Any CPU.ActiveCfg = Release|Any CPU
		{50F82824-2BAF-4106-B141-6EBCC8682367}.Release|Any CPU.Build.0 = Release|Any CPU
	EndGlobalSection
	GlobalSection(SolutionProperties) = preSolution
		HideSolutionNode = FALSE
	EndGlobalSection
	GlobalSection(ExtensibilityGlobals) = postSolution
		SolutionGuid = {6493E07C-2E78-46DF-B195-D8779378AD15}
	EndGlobalSection
EndGlobal
