
Microsoft Visual Studio Solution File, Format Version 12.00
# Visual Studio Version 17
VisualStudioVersion = 17.6.33815.320
MinimumVisualStudioVersion = 10.0.40219.1
Project("{9A19103F-16F7-4668-BE54-9A1E7A4F7556}") = "Lab_0", "Lab_0\Lab_0.csproj", "{FA0A0B2C-D689-4B26-B135-A8FF5BF930F5}"
EndProject
Project("{9A19103F-16F7-4668-BE54-9A1E7A4F7556}") = "Lab_1", "Lab_1\Lab_1.csproj", "{763EEA4A-3D42-412F-BC7D-E6B0652BB328}"
EndProject
Project("{9A19103F-16F7-4668-BE54-9A1E7A4F7556}") = "Lab_3_&_7_polymorphism_AND_events", "Lab_3_polymorphism\Lab_3_&_7_polymorphism_AND_events.csproj", "{50F82824-2BAF-4106-B141-6EBCC8682367}"
EndProject
Project("{9A19103F-16F7-4668-BE54-9A1E7A4F7556}") = "MyExtensionsV2", "MyExtensionsV2\MyExtensionsV2.csproj", "{6B831A33-598A-4134-9E9D-07A0F1A94042}"
EndProject
Project("{9A19103F-16F7-4668-BE54-9A1E7A4F7556}") = "MyExtensionsV2.Tests", "MyExtensionsV2.Tests\MyExtensionsV2.Tests.csproj", "{64FB0A66-5387-4117-A20E-82E1CB49FA6B}"
EndProject
Project("{2150E333-8FDC-42A3-9474-1A3956D46DE8}") = "MyUnitSolution", "MyUnitSolution", "{EB743D79-C8A9-4D14-8A76-368B946C39BD}"
EndProject
Project("{9A19103F-16F7-4668-BE54-9A1E7A4F7556}") = "MyUnit", "MyUnitSolution\MyUnit\MyUnit.csproj", "{8CCF5DEE-44E2-4DBD-BFBD-A16AB4759BA8}"
EndProject
Project("{9A19103F-16F7-4668-BE54-9A1E7A4F7556}") = "SystemArithmetic.Tests", "MyUnitSolution\SystemArithmetic.Tests\SystemArithmetic.Tests.csproj", "{E30C8C14-0399-4A47-9580-E9D77A13010E}"
EndProject
Project("{9A19103F-16F7-4668-BE54-9A1E7A4F7556}") = "MyUnit.Console", "MyUnitSolution\MyUnit.Console\MyUnit.Console.csproj", "{39BAFD11-8144-46E8-B7E7-823BF0189C19}"
EndProject
Project("{2150E333-8FDC-42A3-9474-1A3956D46DE8}") = "Lab5_AKM", "Lab5_AKM", "{0CB3BC1F-1F98-48FF-839E-20115B1AFDA5}"
EndProject
Project("{FAE04EC0-301F-11D3-BF4B-00C04F79EFBC}") = "Lab5", "Lab5_AKM\Lab5\Lab5.csproj", "{32DFB684-5DA3-4E3A-BE6F-A51F90CFDB72}"
EndProject
Project("{FAE04EC0-301F-11D3-BF4B-00C04F79EFBC}") = "Lab5.Tests", "Lab5_AKM\Lab5.Tests\Lab5.Tests.csproj", "{A3E0DBCC-3422-41FA-BF91-B0115635B5E5}"
EndProject
Project("{FAE04EC0-301F-11D3-BF4B-00C04F79EFBC}") = "Lab5.Console", "Lab5.Console\Lab5.Console.csproj", "{6B78848C-88E8-41F2-BDA9-169DC57DA4FC}"
EndProject
Global
	GlobalSection(SolutionConfigurationPlatforms) = preSolution
		Debug|Any CPU = Debug|Any CPU
		Release|Any CPU = Release|Any CPU
	EndGlobalSection
	GlobalSection(ProjectConfigurationPlatforms) = postSolution
		{FA0A0B2C-D689-4B26-B135-A8FF5BF930F5}.Debug|Any CPU.ActiveCfg = Debug|Any CPU
		{FA0A0B2C-D689-4B26-B135-A8FF5BF930F5}.Debug|Any CPU.Build.0 = Debug|Any CPU
		{FA0A0B2C-D689-4B26-B135-A8FF5BF930F5}.Release|Any CPU.ActiveCfg = Release|Any CPU
		{FA0A0B2C-D689-4B26-B135-A8FF5BF930F5}.Release|Any CPU.Build.0 = Release|Any CPU
		{763EEA4A-3D42-412F-BC7D-E6B0652BB328}.Debug|Any CPU.ActiveCfg = Debug|Any CPU
		{763EEA4A-3D42-412F-BC7D-E6B0652BB328}.Debug|Any CPU.Build.0 = Debug|Any CPU
		{763EEA4A-3D42-412F-BC7D-E6B0652BB328}.Release|Any CPU.ActiveCfg = Release|Any CPU
		{763EEA4A-3D42-412F-BC7D-E6B0652BB328}.Release|Any CPU.Build.0 = Release|Any CPU
		{50F82824-2BAF-4106-B141-6EBCC8682367}.Debug|Any CPU.ActiveCfg = Debug|Any CPU
		{50F82824-2BAF-4106-B141-6EBCC8682367}.Debug|Any CPU.Build.0 = Debug|Any CPU
		{50F82824-2BAF-4106-B141-6EBCC8682367}.Release|Any CPU.ActiveCfg = Release|Any CPU
		{50F82824-2BAF-4106-B141-6EBCC8682367}.Release|Any CPU.Build.0 = Release|Any CPU
		{6B831A33-598A-4134-9E9D-07A0F1A94042}.Debug|Any CPU.ActiveCfg = Debug|Any CPU
		{6B831A33-598A-4134-9E9D-07A0F1A94042}.Debug|Any CPU.Build.0 = Debug|Any CPU
		{6B831A33-598A-4134-9E9D-07A0F1A94042}.Release|Any CPU.ActiveCfg = Release|Any CPU
		{6B831A33-598A-4134-9E9D-07A0F1A94042}.Release|Any CPU.Build.0 = Release|Any CPU
		{64FB0A66-5387-4117-A20E-82E1CB49FA6B}.Debug|Any CPU.ActiveCfg = Debug|Any CPU
		{64FB0A66-5387-4117-A20E-82E1CB49FA6B}.Debug|Any CPU.Build.0 = Debug|Any CPU
		{64FB0A66-5387-4117-A20E-82E1CB49FA6B}.Release|Any CPU.ActiveCfg = Release|Any CPU
		{64FB0A66-5387-4117-A20E-82E1CB49FA6B}.Release|Any CPU.Build.0 = Release|Any CPU
		{8CCF5DEE-44E2-4DBD-BFBD-A16AB4759BA8}.Debug|Any CPU.ActiveCfg = Debug|Any CPU
		{8CCF5DEE-44E2-4DBD-BFBD-A16AB4759BA8}.Debug|Any CPU.Build.0 = Debug|Any CPU
		{8CCF5DEE-44E2-4DBD-BFBD-A16AB4759BA8}.Release|Any CPU.ActiveCfg = Release|Any CPU
		{8CCF5DEE-44E2-4DBD-BFBD-A16AB4759BA8}.Release|Any CPU.Build.0 = Release|Any CPU
		{E30C8C14-0399-4A47-9580-E9D77A13010E}.Debug|Any CPU.ActiveCfg = Debug|Any CPU
		{E30C8C14-0399-4A47-9580-E9D77A13010E}.Debug|Any CPU.Build.0 = Debug|Any CPU
		{E30C8C14-0399-4A47-9580-E9D77A13010E}.Release|Any CPU.ActiveCfg = Release|Any CPU
		{E30C8C14-0399-4A47-9580-E9D77A13010E}.Release|Any CPU.Build.0 = Release|Any CPU
		{39BAFD11-8144-46E8-B7E7-823BF0189C19}.Debug|Any CPU.ActiveCfg = Debug|Any CPU
		{39BAFD11-8144-46E8-B7E7-823BF0189C19}.Debug|Any CPU.Build.0 = Debug|Any CPU
		{39BAFD11-8144-46E8-B7E7-823BF0189C19}.Release|Any CPU.ActiveCfg = Release|Any CPU
		{39BAFD11-8144-46E8-B7E7-823BF0189C19}.Release|Any CPU.Build.0 = Release|Any CPU
		{32DFB684-5DA3-4E3A-BE6F-A51F90CFDB72}.Debug|Any CPU.ActiveCfg = Debug|Any CPU
		{32DFB684-5DA3-4E3A-BE6F-A51F90CFDB72}.Debug|Any CPU.Build.0 = Debug|Any CPU
		{32DFB684-5DA3-4E3A-BE6F-A51F90CFDB72}.Release|Any CPU.ActiveCfg = Release|Any CPU
		{32DFB684-5DA3-4E3A-BE6F-A51F90CFDB72}.Release|Any CPU.Build.0 = Release|Any CPU
		{A3E0DBCC-3422-41FA-BF91-B0115635B5E5}.Debug|Any CPU.ActiveCfg = Debug|Any CPU
		{A3E0DBCC-3422-41FA-BF91-B0115635B5E5}.Debug|Any CPU.Build.0 = Debug|Any CPU
		{A3E0DBCC-3422-41FA-BF91-B0115635B5E5}.Release|Any CPU.ActiveCfg = Release|Any CPU
		{A3E0DBCC-3422-41FA-BF91-B0115635B5E5}.Release|Any CPU.Build.0 = Release|Any CPU
		{6B78848C-88E8-41F2-BDA9-169DC57DA4FC}.Debug|Any CPU.ActiveCfg = Debug|Any CPU
		{6B78848C-88E8-41F2-BDA9-169DC57DA4FC}.Debug|Any CPU.Build.0 = Debug|Any CPU
		{6B78848C-88E8-41F2-BDA9-169DC57DA4FC}.Release|Any CPU.ActiveCfg = Release|Any CPU
		{6B78848C-88E8-41F2-BDA9-169DC57DA4FC}.Release|Any CPU.Build.0 = Release|Any CPU
	EndGlobalSection
	GlobalSection(SolutionProperties) = preSolution
		HideSolutionNode = FALSE
	EndGlobalSection
	GlobalSection(NestedProjects) = preSolution
		{8CCF5DEE-44E2-4DBD-BFBD-A16AB4759BA8} = {EB743D79-C8A9-4D14-8A76-368B946C39BD}
		{E30C8C14-0399-4A47-9580-E9D77A13010E} = {EB743D79-C8A9-4D14-8A76-368B946C39BD}
		{39BAFD11-8144-46E8-B7E7-823BF0189C19} = {EB743D79-C8A9-4D14-8A76-368B946C39BD}
		{32DFB684-5DA3-4E3A-BE6F-A51F90CFDB72} = {0CB3BC1F-1F98-48FF-839E-20115B1AFDA5}
		{A3E0DBCC-3422-41FA-BF91-B0115635B5E5} = {0CB3BC1F-1F98-48FF-839E-20115B1AFDA5}
		{6B78848C-88E8-41F2-BDA9-169DC57DA4FC} = {0CB3BC1F-1F98-48FF-839E-20115B1AFDA5}
	EndGlobalSection
	GlobalSection(ExtensibilityGlobals) = postSolution
		SolutionGuid = {6493E07C-2E78-46DF-B195-D8779378AD15}
	EndGlobalSection
EndGlobal
